
Microsoft Visual Studio Solution File, Format Version 12.00
# Visual Studio Version 16
VisualStudioVersion = 16.0.30907.101
MinimumVisualStudioVersion = 10.0.40219.1
Project("{FAE04EC0-301F-11D3-BF4B-00C04F79EFBC}") = "HesapMakinesi", "HesapMakinesi\HesapMakinesi.csproj", "{69120605-A3AC-48A2-AC0F-4EAE992A52C7}"
EndProject
Global
	GlobalSection(SolutionConfigurationPlatforms) = preSolution
		Debug|Any CPU = Debug|Any CPU
		Release|Any CPU = Release|Any CPU
	EndGlobalSection
	GlobalSection(ProjectConfigurationPlatforms) = postSolution
		{69120605-A3AC-48A2-AC0F-4EAE992A52C7}.Debug|Any CPU.ActiveCfg = Debug|Any CPU
		{69120605-A3AC-48A2-AC0F-4EAE992A52C7}.Debug|Any CPU.Build.0 = Debug|Any CPU
		{69120605-A3AC-48A2-AC0F-4EAE992A52C7}.Release|Any CPU.ActiveCfg = Release|Any CPU
		{69120605-A3AC-48A2-AC0F-4EAE992A52C7}.Release|Any CPU.Build.0 = Release|Any CPU
	EndGlobalSection
	GlobalSection(SolutionProperties) = preSolution
		HideSolutionNode = FALSE
	EndGlobalSection
	GlobalSection(ExtensibilityGlobals) = postSolution
		SolutionGuid = {5786A35F-5898-430D-BEA3-5C1E676D9222}
	EndGlobalSection
EndGlobal
